
Microsoft Visual Studio Solution File, Format Version 12.00
# Visual Studio 14
VisualStudioVersion = 14.0.25420.1
MinimumVisualStudioVersion = 10.0.40219.1
Project("{2150E333-8FDC-42A3-9474-1A3956D46DE8}") = "src", "src", "{143B75D4-908C-479E-90F2-850039E6FCBD}"
EndProject
Project("{2150E333-8FDC-42A3-9474-1A3956D46DE8}") = "Solution Items", "Solution Items", "{721263B1-4D53-459A-99AF-EB0AA177701A}"
	ProjectSection(SolutionItems) = preProject
		global.json = global.json
	EndProjectSection
EndProject
Project("{8BB2217D-0F2D-49D1-97BC-3654ED321F3B}") = "Diary", "src\Diary\Diary.xproj", "{C75A2FB4-8D8F-4B19-87F8-891986E81A54}"
EndProject
Global
	GlobalSection(SolutionConfigurationPlatforms) = preSolution
		Debug|Any CPU = Debug|Any CPU
		Release|Any CPU = Release|Any CPU
	EndGlobalSection
	GlobalSection(ProjectConfigurationPlatforms) = postSolution
		{C75A2FB4-8D8F-4B19-87F8-891986E81A54}.Debug|Any CPU.ActiveCfg = Debug|Any CPU
		{C75A2FB4-8D8F-4B19-87F8-891986E81A54}.Debug|Any CPU.Build.0 = Debug|Any CPU
		{C75A2FB4-8D8F-4B19-87F8-891986E81A54}.Release|Any CPU.ActiveCfg = Release|Any CPU
		{C75A2FB4-8D8F-4B19-87F8-891986E81A54}.Release|Any CPU.Build.0 = Release|Any CPU
	EndGlobalSection
	GlobalSection(SolutionProperties) = preSolution
		HideSolutionNode = FALSE
	EndGlobalSection
	GlobalSection(NestedProjects) = preSolution
		{C75A2FB4-8D8F-4B19-87F8-891986E81A54} = {143B75D4-908C-479E-90F2-850039E6FCBD}
	EndGlobalSection
EndGlobal
